
Microsoft Visual Studio Solution File, Format Version 12.00
# Visual Studio Version 16
VisualStudioVersion = 16.0.31019.35
MinimumVisualStudioVersion = 10.0.40219.1
Project("{FAE04EC0-301F-11D3-BF4B-00C04F79EFBC}") = "BookLover.WebAPI", "BookLover.WebAPI\BookLover.WebAPI.csproj", "{0ED2041C-81DB-4832-9EEE-39884A59FC04}"
EndProject
Project("{FAE04EC0-301F-11D3-BF4B-00C04F79EFBC}") = "BookLover.Data", "BookLover.Data\BookLover.Data.csproj", "{507FBB87-3D5F-439B-BAB5-7DC73074D6BE}"
EndProject
Project("{FAE04EC0-301F-11D3-BF4B-00C04F79EFBC}") = "BookLover.Models", "BookLover.Models\BookLover.Models.csproj", "{DB28080F-9E9D-4BC1-99AC-669BA9474612}"
EndProject
Project("{FAE04EC0-301F-11D3-BF4B-00C04F79EFBC}") = "BookLover.Services", "BookLover.Services\BookLover.Services.csproj", "{64A5727D-3AD9-4A8F-8FDE-2E566D421298}"
EndProject
Project("{FAE04EC0-301F-11D3-BF4B-00C04F79EFBC}") = "BookLoverTests", "BookLoverTests\BookLoverTests.csproj", "{637D38AE-4F45-4221-9051-4FF67E0767F6}"
EndProject
Global
	GlobalSection(SolutionConfigurationPlatforms) = preSolution
		Debug|Any CPU = Debug|Any CPU
		Release|Any CPU = Release|Any CPU
	EndGlobalSection
	GlobalSection(ProjectConfigurationPlatforms) = postSolution
		{0ED2041C-81DB-4832-9EEE-39884A59FC04}.Debug|Any CPU.ActiveCfg = Debug|Any CPU
		{0ED2041C-81DB-4832-9EEE-39884A59FC04}.Debug|Any CPU.Build.0 = Debug|Any CPU
		{0ED2041C-81DB-4832-9EEE-39884A59FC04}.Release|Any CPU.ActiveCfg = Release|Any CPU
		{0ED2041C-81DB-4832-9EEE-39884A59FC04}.Release|Any CPU.Build.0 = Release|Any CPU
		{507FBB87-3D5F-439B-BAB5-7DC73074D6BE}.Debug|Any CPU.ActiveCfg = Debug|Any CPU
		{507FBB87-3D5F-439B-BAB5-7DC73074D6BE}.Debug|Any CPU.Build.0 = Debug|Any CPU
		{507FBB87-3D5F-439B-BAB5-7DC73074D6BE}.Release|Any CPU.ActiveCfg = Release|Any CPU
		{507FBB87-3D5F-439B-BAB5-7DC73074D6BE}.Release|Any CPU.Build.0 = Release|Any CPU
		{DB28080F-9E9D-4BC1-99AC-669BA9474612}.Debug|Any CPU.ActiveCfg = Debug|Any CPU
		{DB28080F-9E9D-4BC1-99AC-669BA9474612}.Debug|Any CPU.Build.0 = Debug|Any CPU
		{DB28080F-9E9D-4BC1-99AC-669BA9474612}.Release|Any CPU.ActiveCfg = Release|Any CPU
		{DB28080F-9E9D-4BC1-99AC-669BA9474612}.Release|Any CPU.Build.0 = Release|Any CPU
		{64A5727D-3AD9-4A8F-8FDE-2E566D421298}.Debug|Any CPU.ActiveCfg = Debug|Any CPU
		{64A5727D-3AD9-4A8F-8FDE-2E566D421298}.Debug|Any CPU.Build.0 = Debug|Any CPU
		{64A5727D-3AD9-4A8F-8FDE-2E566D421298}.Release|Any CPU.ActiveCfg = Release|Any CPU
		{64A5727D-3AD9-4A8F-8FDE-2E566D421298}.Release|Any CPU.Build.0 = Release|Any CPU
		{637D38AE-4F45-4221-9051-4FF67E0767F6}.Debug|Any CPU.ActiveCfg = Debug|Any CPU
		{637D38AE-4F45-4221-9051-4FF67E0767F6}.Debug|Any CPU.Build.0 = Debug|Any CPU
		{637D38AE-4F45-4221-9051-4FF67E0767F6}.Release|Any CPU.ActiveCfg = Release|Any CPU
		{637D38AE-4F45-4221-9051-4FF67E0767F6}.Release|Any CPU.Build.0 = Release|Any CPU
	EndGlobalSection
	GlobalSection(SolutionProperties) = preSolution
		HideSolutionNode = FALSE
	EndGlobalSection
	GlobalSection(ExtensibilityGlobals) = postSolution
		SolutionGuid = {48767E87-E7D7-45FB-A781-EFB31FD38ECA}
	EndGlobalSection
EndGlobal
